
Microsoft Visual Studio Solution File, Format Version 12.00
# Visual Studio 15
VisualStudioVersion = 15.0.26430.13
MinimumVisualStudioVersion = 10.0.40219.1
Project("{FAE04EC0-301F-11D3-BF4B-00C04F79EFBC}") = "probable-broccoli", "probable-broccoli\probable-broccoli.csproj", "{4079F11B-8C4B-4C7B-B379-B7D4A350C4EF}"
EndProject
Project("{FAE04EC0-301F-11D3-BF4B-00C04F79EFBC}") = "probable-broccoli.Tests", "probable-broccoli.Tests\probable-broccoli.Tests.csproj", "{513AD083-A91C-4406-8A51-4912D0C72F05}"
EndProject
Global
	GlobalSection(SolutionConfigurationPlatforms) = preSolution
		Debug|Any CPU = Debug|Any CPU
		Release|Any CPU = Release|Any CPU
	EndGlobalSection
	GlobalSection(ProjectConfigurationPlatforms) = postSolution
		{4079F11B-8C4B-4C7B-B379-B7D4A350C4EF}.Debug|Any CPU.ActiveCfg = Debug|Any CPU
		{4079F11B-8C4B-4C7B-B379-B7D4A350C4EF}.Debug|Any CPU.Build.0 = Debug|Any CPU
		{4079F11B-8C4B-4C7B-B379-B7D4A350C4EF}.Release|Any CPU.ActiveCfg = Release|Any CPU
		{4079F11B-8C4B-4C7B-B379-B7D4A350C4EF}.Release|Any CPU.Build.0 = Release|Any CPU
		{513AD083-A91C-4406-8A51-4912D0C72F05}.Debug|Any CPU.ActiveCfg = Debug|Any CPU
		{513AD083-A91C-4406-8A51-4912D0C72F05}.Debug|Any CPU.Build.0 = Debug|Any CPU
		{513AD083-A91C-4406-8A51-4912D0C72F05}.Release|Any CPU.ActiveCfg = Release|Any CPU
		{513AD083-A91C-4406-8A51-4912D0C72F05}.Release|Any CPU.Build.0 = Release|Any CPU
	EndGlobalSection
	GlobalSection(SolutionProperties) = preSolution
		HideSolutionNode = FALSE
	EndGlobalSection
EndGlobal
